<?xml version="1.0" encoding="utf-8"?>
<Project ToolsVersion="4.0" xmlns="http://schemas.microsoft.com/developer/msbuild/2003">
  <ItemGroup>
    <Filter Include="소스 파일">
      <UniqueIdentifier>{4FC737F1-C7A5-4376-A066-2A32D752A2FF}</UniqueIdentifier>
      <Extensions>cpp;c;cc;cxx;c++;cppm;ixx;def;odl;idl;hpj;bat;asm;asmx</Extensions>
    </Filter>
    <Filter Include="헤더 파일">
      <UniqueIdentifier>{93995380-89BD-4b04-88EB-625FBE52EBFB}</UniqueIdentifier>
      <Extensions>h;hh;hpp;hxx;h++;hm;inl;inc;ipp;xsd</Extensions>
    </Filter>
    <Filter Include="리소스 파일">
      <UniqueIdentifier>{67DA6AB6-F800-4c08-8B7A-83BB121AAD01}</UniqueIdentifier>
      <Extensions>rc;ico;cur;bmp;dlg;rc2;rct;bin;rgs;gif;jpg;jpeg;jpe;resx;tiff;tif;png;wav;mfcribbon-ms</Extensions>
    </Filter>
    <Filter Include="헤더 파일\app">
      <UniqueIdentifier>{1c844a79-7e5b-4778-b80d-ed943c353f30}</UniqueIdentifier>
    </Filter>
    <Filter Include="헤더 파일\Windows">
      <UniqueIdentifier>{0e9fe3a1-2f6c-4c8f-b305-b7f8bb12c895}</UniqueIdentifier>
    </Filter>
    <Filter Include="소스 파일\Windows">
      <UniqueIdentifier>{7e40e7ae-8d68-4299-ac2d-9d33e583f555}</UniqueIdentifier>
    </Filter>
    <Filter Include="헤더 파일\Renderers">
      <UniqueIdentifier>{4d3f5a6f-a106-4f48-ae12-98fc77c22f68}</UniqueIdentifier>
    </Filter>
    <Filter Include="소스 파일\Renderers">
      <UniqueIdentifier>{5c387612-d3c3-4a19-84cd-e82b6568865d}</UniqueIdentifier>
    </Filter>
    <Filter Include="소스 파일\app">
      <UniqueIdentifier>{521b6833-dda6-4b16-ba20-0777378a3654}</UniqueIdentifier>
    </Filter>
    <Filter Include="헤더 파일\Utils">
      <UniqueIdentifier>{64943683-3591-488c-8210-466d4fec4a00}</UniqueIdentifier>
    </Filter>
  </ItemGroup>
  <ItemGroup>
    <ResourceCompile Include="EngineEditor.rc">
      <Filter>리소스 파일</Filter>
    </ResourceCompile>
  </ItemGroup>
  <ItemGroup>
    <Image Include="small.ico">
      <Filter>리소스 파일</Filter>
    </Image>
    <Image Include="EngineEditor.ico">
      <Filter>리소스 파일</Filter>
    </Image>
  </ItemGroup>
  <ItemGroup>
    <ClCompile Include="app\EngineEditor.cpp">
      <Filter>소스 파일\app</Filter>
    </ClCompile>
    <ClCompile Include="Renderers\SceneViewRenderer.cpp">
      <Filter>소스 파일\Renderers</Filter>
    </ClCompile>
    <ClCompile Include="Windows\SceneViewWindow.cpp">
      <Filter>소스 파일\Windows</Filter>
    </ClCompile>
    <ClCompile Include="Windows\WindowBase.cpp">
      <Filter>소스 파일\Windows</Filter>
    </ClCompile>
  </ItemGroup>
  <ItemGroup>
    <ClInclude Include="app\EngineEditor.h">
      <Filter>헤더 파일\app</Filter>
    </ClInclude>
    <ClInclude Include="app\framework.h">
      <Filter>헤더 파일\app</Filter>
    </ClInclude>
    <ClInclude Include="app\resource.h">
      <Filter>헤더 파일\app</Filter>
    </ClInclude>
    <ClInclude Include="app\targetver.h">
      <Filter>헤더 파일\app</Filter>
    </ClInclude>
    <ClInclude Include="app\thirdparty.h">
      <Filter>헤더 파일\app</Filter>
    </ClInclude>
    <ClInclude Include="Renderers\SceneViewRenderer.h">
      <Filter>헤더 파일\Renderers</Filter>
    </ClInclude>
    <ClInclude Include="Windows\SceneViewWindow.h">
      <Filter>헤더 파일\Windows</Filter>
    </ClInclude>
    <ClInclude Include="Windows\WindowBase.h">
      <Filter>헤더 파일\Windows</Filter>
    </ClInclude>
    <ClInclude Include="Utils\constants.h">
      <Filter>헤더 파일\Utils</Filter>
    </ClInclude>
    <ClInclude Include="Utils\enums.h">
      <Filter>헤더 파일\Utils</Filter>
    </ClInclude>
  </ItemGroup>
</Project>